
Microsoft Visual Studio Solution File, Format Version 12.00
# Visual Studio Version 16
VisualStudioVersion = 16.0.30717.126
MinimumVisualStudioVersion = 10.0.40219.1
Project("{FAE04EC0-301F-11D3-BF4B-00C04F79EFBC}") = "polimorphism", "polimorphism\polimorphism.csproj", "{C62A70D6-AC7F-4DF4-8522-484683ED5523}"
EndProject
Global
	GlobalSection(SolutionConfigurationPlatforms) = preSolution
		Debug|Any CPU = Debug|Any CPU
		Release|Any CPU = Release|Any CPU
	EndGlobalSection
	GlobalSection(ProjectConfigurationPlatforms) = postSolution
		{C62A70D6-AC7F-4DF4-8522-484683ED5523}.Debug|Any CPU.ActiveCfg = Debug|Any CPU
		{C62A70D6-AC7F-4DF4-8522-484683ED5523}.Debug|Any CPU.Build.0 = Debug|Any CPU
		{C62A70D6-AC7F-4DF4-8522-484683ED5523}.Release|Any CPU.ActiveCfg = Release|Any CPU
		{C62A70D6-AC7F-4DF4-8522-484683ED5523}.Release|Any CPU.Build.0 = Release|Any CPU
	EndGlobalSection
	GlobalSection(SolutionProperties) = preSolution
		HideSolutionNode = FALSE
	EndGlobalSection
	GlobalSection(ExtensibilityGlobals) = postSolution
		SolutionGuid = {7B2FEF45-1481-4480-BEEE-61A7B5938E76}
	EndGlobalSection
EndGlobal
